// !$*UTF8*$!
{
	archiveVersion = 1;
	classes = {
	};
	objectVersion = 46;
	objects = {

/* Begin PBXBuildFile section */
		438483B61CCB51FB0056A97F /* AppDelegate.swift in Sources */ = {isa = PBXBuildFile; fileRef = 438483B51CCB51FB0056A97F /* AppDelegate.swift */; };
		438483B81CCB51FB0056A97F /* ViewController.swift in Sources */ = {isa = PBXBuildFile; fileRef = 438483B71CCB51FB0056A97F /* ViewController.swift */; };
		438483BB1CCB51FB0056A97F /* Main.storyboard in Resources */ = {isa = PBXBuildFile; fileRef = 438483B91CCB51FB0056A97F /* Main.storyboard */; };
		438483BD1CCB51FB0056A97F /* Assets.xcassets in Resources */ = {isa = PBXBuildFile; fileRef = 438483BC1CCB51FB0056A97F /* Assets.xcassets */; };
		438483C01CCB51FB0056A97F /* LaunchScreen.storyboard in Resources */ = {isa = PBXBuildFile; fileRef = 438483BE1CCB51FB0056A97F /* LaunchScreen.storyboard */; };
		438483CB1CCB51FC0056A97F /* MyFirstTests.swift in Sources */ = {isa = PBXBuildFile; fileRef = 438483CA1CCB51FC0056A97F /* MyFirstTests.swift */; };
		438483D61CCB51FC0056A97F /* MyFirstUITests.swift in Sources */ = {isa = PBXBuildFile; fileRef = 438483D51CCB51FC0056A97F /* MyFirstUITests.swift */; };
/* End PBXBuildFile section */

/* Begin PBXContainerItemProxy section */
		438483C71CCB51FC0056A97F /* PBXContainerItemProxy */ = {
			isa = PBXContainerItemProxy;
			containerPortal = 438483AA1CCB51FB0056A97F /* Project object */;
			proxyType = 1;
			remoteGlobalIDString = 438483B11CCB51FB0056A97F;
			remoteInfo = MyFirst;
		};
		438483D21CCB51FC0056A97F /* PBXContainerItemProxy */ = {
			isa = PBXContainerItemProxy;
			containerPortal = 438483AA1CCB51FB0056A97F /* Project object */;
			proxyType = 1;
			remoteGlobalIDString = 438483B11CCB51FB0056A97F;
			remoteInfo = MyFirst;
		};
/* End PBXContainerItemProxy section */

/* Begin PBXFileReference section */
		438483B21CCB51FB0056A97F /* MyFirst.app */ = {isa = PBXFileReference; explicitFileType = wrapper.application; includeInIndex = 0; path = MyFirst.app; sourceTree = BUILT_PRODUCTS_DIR; };
		438483B51CCB51FB0056A97F /* AppDelegate.swift */ = {isa = PBXFileReference; lastKnownFileType = sourcecode.swift; path = AppDelegate.swift; sourceTree = "<group>"; };
		438483B71CCB51FB0056A97F /* ViewController.swift */ = {isa = PBXFileReference; lastKnownFileType = sourcecode.swift; path = ViewController.swift; sourceTree = "<group>"; };
		438483BA1CCB51FB0056A97F /* Base */ = {isa = PBXFileReference; lastKnownFileType = file.storyboard; name = Base; path = Base.lproj/Main.storyboard; sourceTree = "<group>"; };
		438483BC1CCB51FB0056A97F /* Assets.xcassets */ = {isa = PBXFileReference; lastKnownFileType = folder.assetcatalog; path = Assets.xcassets; sourceTree = "<group>"; };
		438483BF1CCB51FB0056A97F /* Base */ = {isa = PBXFileReference; lastKnownFileType = file.storyboard; name = Base; path = Base.lproj/LaunchScreen.storyboard; sourceTree = "<group>"; };
		438483C11CCB51FB0056A97F /* Info.plist */ = {isa = PBXFileReference; lastKnownFileType = text.plist.xml; path = Info.plist; sourceTree = "<group>"; };
		438483C61CCB51FC0056A97F /* MyFirstTests.xctest */ = {isa = PBXFileReference; explicitFileType = wrapper.cfbundle; includeInIndex = 0; path = MyFirstTests.xctest; sourceTree = BUILT_PRODUCTS_DIR; };
		438483CA1CCB51FC0056A97F /* MyFirstTests.swift */ = {isa = PBXFileReference; lastKnownFileType = sourcecode.swift; path = MyFirstTests.swift; sourceTree = "<group>"; };
		438483CC1CCB51FC0056A97F /* Info.plist */ = {isa = PBXFileReference; lastKnownFileType = text.plist.xml; path = Info.plist; sourceTree = "<group>"; };
		438483D11CCB51FC0056A97F /* MyFirstUITests.xctest */ = {isa = PBXFileReference; explicitFileType = wrapper.cfbundle; includeInIndex = 0; path = MyFirstUITests.xctest; sourceTree = BUILT_PRODUCTS_DIR; };
		438483D51CCB51FC0056A97F /* MyFirstUITests.swift */ = {isa = PBXFileReference; lastKnownFileType = sourcecode.swift; path = MyFirstUITests.swift; sourceTree = "<group>"; };
		438483D71CCB51FC0056A97F /* Info.plist */ = {isa = PBXFileReference; lastKnownFileType = text.plist.xml; path = Info.plist; sourceTree = "<group>"; };
/* End PBXFileReference section */

/* Begin PBXFrameworksBuildPhase section */
		438483AF1CCB51FB0056A97F /* Frameworks */ = {
			isa = PBXFrameworksBuildPhase;
			buildActionMask = 2147483647;
			files = (
			);
			runOnlyForDeploymentPostprocessing = 0;
		};
		438483C31CCB51FC0056A97F /* Frameworks */ = {
			isa = PBXFrameworksBuildPhase;
			buildActionMask = 2147483647;
			files = (
			);
			runOnlyForDeploymentPostprocessing = 0;
		};
		438483CE1CCB51FC0056A97F /* Frameworks */ = {
			isa = PBXFrameworksBuildPhase;
			buildActionMask = 2147483647;
			files = (
			);
			runOnlyForDeploymentPostprocessing = 0;
		};
/* End PBXFrameworksBuildPhase section */

/* Begin PBXGroup section */
		438483A91CCB51FB0056A97F = {
			isa = PBXGroup;
			children = (
				438483B41CCB51FB0056A97F /* MyFirst */,
				438483C91CCB51FC0056A97F /* MyFirstTests */,
				438483D41CCB51FC0056A97F /* MyFirstUITests */,
				438483B31CCB51FB0056A97F /* Products */,
			);
			sourceTree = "<group>";
		};
		438483B31CCB51FB0056A97F /* Products */ = {
			isa = PBXGroup;
			children = (
				438483B21CCB51FB0056A97F /* MyFirst.app */,
				438483C61CCB51FC0056A97F /* MyFirstTests.xctest */,
				438483D11CCB51FC0056A97F /* MyFirstUITests.xctest */,
			);
			name = Products;
			sourceTree = "<group>";
		};
		438483B41CCB51FB0056A97F /* MyFirst */ = {
			isa = PBXGroup;
			children = (
				438483B51CCB51FB0056A97F /* AppDelegate.swift */,
				438483B71CCB51FB0056A97F /* ViewController.swift */,
				438483B91CCB51FB0056A97F /* Main.storyboard */,
				438483BC1CCB51FB0056A97F /* Assets.xcassets */,
				438483BE1CCB51FB0056A97F /* LaunchScreen.storyboard */,
				438483C11CCB51FB0056A97F /* Info.plist */,
			);
			path = MyFirst;
			sourceTree = "<group>";
		};
		438483C91CCB51FC0056A97F /* MyFirstTests */ = {
			isa = PBXGroup;
			children = (
				438483CA1CCB51FC0056A97F /* MyFirstTests.swift */,
				438483CC1CCB51FC0056A97F /* Info.plist */,
			);
			path = MyFirstTests;
			sourceTree = "<group>";
		};
		438483D41CCB51FC0056A97F /* MyFirstUITests */ = {
			isa = PBXGroup;
			children = (
				438483D51CCB51FC0056A97F /* MyFirstUITests.swift */,
				438483D71CCB51FC0056A97F /* Info.plist */,
			);
			path = MyFirstUITests;
			sourceTree = "<group>";
		};
/* End PBXGroup section */

/* Begin PBXNativeTarget section */
		438483B11CCB51FB0056A97F /* MyFirst */ = {
			isa = PBXNativeTarget;
			buildConfigurationList = 438483DA1CCB51FC0056A97F /* Build configuration list for PBXNativeTarget "MyFirst" */;
			buildPhases = (
				438483AE1CCB51FB0056A97F /* Sources */,
				438483AF1CCB51FB0056A97F /* Frameworks */,
				438483B01CCB51FB0056A97F /* Resources */,
			);
			buildRules = (
			);
			dependencies = (
			);
			name = MyFirst;
			productName = MyFirst;
			productReference = 438483B21CCB51FB0056A97F /* MyFirst.app */;
			productType = "com.apple.product-type.application";
		};
		438483C51CCB51FC0056A97F /* MyFirstTests */ = {
			isa = PBXNativeTarget;
			buildConfigurationList = 438483DD1CCB51FC0056A97F /* Build configuration list for PBXNativeTarget "MyFirstTests" */;
			buildPhases = (
				438483C21CCB51FC0056A97F /* Sources */,
				438483C31CCB51FC0056A97F /* Frameworks */,
				438483C41CCB51FC0056A97F /* Resources */,
			);
			buildRules = (
			);
			dependencies = (
				438483C81CCB51FC0056A97F /* PBXTargetDependency */,
			);
			name = MyFirstTests;
			productName = MyFirstTests;
			productReference = 438483C61CCB51FC0056A97F /* MyFirstTests.xctest */;
			productType = "com.apple.product-type.bundle.unit-test";
		};
		438483D01CCB51FC0056A97F /* MyFirstUITests */ = {
			isa = PBXNativeTarget;
			buildConfigurationList = 438483E01CCB51FC0056A97F /* Build configuration list for PBXNativeTarget "MyFirstUITests" */;
			buildPhases = (
				438483CD1CCB51FC0056A97F /* Sources */,
				438483CE1CCB51FC0056A97F /* Frameworks */,
				438483CF1CCB51FC0056A97F /* Resources */,
			);
			buildRules = (
			);
			dependencies = (
				438483D31CCB51FC0056A97F /* PBXTargetDependency */,
			);
			name = MyFirstUITests;
			productName = MyFirstUITests;
			productReference = 438483D11CCB51FC0056A97F /* MyFirstUITests.xctest */;
			productType = "com.apple.product-type.bundle.ui-testing";
		};
/* End PBXNativeTarget section */

/* Begin PBXProject section */
		438483AA1CCB51FB0056A97F /* Project object */ = {
			isa = PBXProject;
			attributes = {
				LastSwiftUpdateCheck = 0730;
				LastUpgradeCheck = 0730;
				ORGANIZATIONNAME = Benjamin;
				TargetAttributes = {
					438483B11CCB51FB0056A97F = {
						CreatedOnToolsVersion = 7.3;
					};
					438483C51CCB51FC0056A97F = {
						CreatedOnToolsVersion = 7.3;
						TestTargetID = 438483B11CCB51FB0056A97F;
					};
					438483D01CCB51FC0056A97F = {
						CreatedOnToolsVersion = 7.3;
						TestTargetID = 438483B11CCB51FB0056A97F;
					};
				};
			};
			buildConfigurationList = 438483AD1CCB51FB0056A97F /* Build configuration list for PBXProject "MyFirst" */;
			compatibilityVersion = "Xcode 3.2";
			developmentRegion = English;
			hasScannedForEncodings = 0;
			knownRegions = (
				en,
				Base,
			);
			mainGroup = 438483A91CCB51FB0056A97F;
			productRefGroup = 438483B31CCB51FB0056A97F /* Products */;
			projectDirPath = "";
			projectRoot = "";
			targets = (
				438483B11CCB51FB0056A97F /* MyFirst */,
				438483C51CCB51FC0056A97F /* MyFirstTests */,
				438483D01CCB51FC0056A97F /* MyFirstUITests */,
			);
		};
/* End PBXProject section */

/* Begin PBXResourcesBuildPhase section */
		438483B01CCB51FB0056A97F /* Resources */ = {
			isa = PBXResourcesBuildPhase;
			buildActionMask = 2147483647;
			files = (
				438483C01CCB51FB0056A97F /* LaunchScreen.storyboard in Resources */,
				438483BD1CCB51FB0056A97F /* Assets.xcassets in Resources */,
				438483BB1CCB51FB0056A97F /* Main.storyboard in Resources */,
			);
			runOnlyForDeploymentPostprocessing = 0;
		};
		438483C41CCB51FC0056A97F /* Resources */ = {
			isa = PBXResourcesBuildPhase;
			buildActionMask = 2147483647;
			files = (
			);
			runOnlyForDeploymentPostprocessing = 0;
		};
		438483CF1CCB51FC0056A97F /* Resources */ = {
			isa = PBXResourcesBuildPhase;
			buildActionMask = 2147483647;
			files = (
			);
			runOnlyForDeploymentPostprocessing = 0;
		};
/* End PBXResourcesBuildPhase section */

/* Begin PBXSourcesBuildPhase section */
		438483AE1CCB51FB0056A97F /* Sources */ = {
			isa = PBXSourcesBuildPhase;
			buildActionMask = 2147483647;
			files = (
				438483B81CCB51FB0056A97F /* ViewController.swift in Sources */,
				438483B61CCB51FB0056A97F /* AppDelegate.swift in Sources */,
			);
			runOnlyForDeploymentPostprocessing = 0;
		};
		438483C21CCB51FC0056A97F /* Sources */ = {
			isa = PBXSourcesBuildPhase;
			buildActionMask = 2147483647;
			files = (
				438483CB1CCB51FC0056A97F /* MyFirstTests.swift in Sources */,
			);
			runOnlyForDeploymentPostprocessing = 0;
		};
		438483CD1CCB51FC0056A97F /* Sources */ = {
			isa = PBXSourcesBuildPhase;
			buildActionMask = 2147483647;
			files = (
				438483D61CCB51FC0056A97F /* MyFirstUITests.swift in Sources */,
			);
			runOnlyForDeploymentPostprocessing = 0;
		};
/* End PBXSourcesBuildPhase section */

/* Begin PBXTargetDependency section */
		438483C81CCB51FC0056A97F /* PBXTargetDependency */ = {
			isa = PBXTargetDependency;
			target = 438483B11CCB51FB0056A97F /* MyFirst */;
			targetProxy = 438483C71CCB51FC0056A97F /* PBXContainerItemProxy */;
		};
		438483D31CCB51FC0056A97F /* PBXTargetDependency */ = {
			isa = PBXTargetDependency;
			target = 438483B11CCB51FB0056A97F /* MyFirst */;
			targetProxy = 438483D21CCB51FC0056A97F /* PBXContainerItemProxy */;
		};
/* End PBXTargetDependency section */

/* Begin PBXVariantGroup section */
		438483B91CCB51FB0056A97F /* Main.storyboard */ = {
			isa = PBXVariantGroup;
			children = (
				438483BA1CCB51FB0056A97F /* Base */,
			);
			name = Main.storyboard;
			sourceTree = "<group>";
		};
		438483BE1CCB51FB0056A97F /* LaunchScreen.storyboard */ = {
			isa = PBXVariantGroup;
			children = (
				438483BF1CCB51FB0056A97F /* Base */,
			);
			name = LaunchScreen.storyboard;
			sourceTree = "<group>";
		};
/* End PBXVariantGroup section */

/* Begin XCBuildConfiguration section */
		438483D81CCB51FC0056A97F /* Debug */ = {
			isa = XCBuildConfiguration;
			buildSettings = {
				ALWAYS_SEARCH_USER_PATHS = NO;
				CLANG_ANALYZER_NONNULL = YES;
				CLANG_CXX_LANGUAGE_STANDARD = "gnu++0x";
				CLANG_CXX_LIBRARY = "libc++";
				CLANG_ENABLE_MODULES = YES;
				CLANG_ENABLE_OBJC_ARC = YES;
				CLANG_WARN_BOOL_CONVERSION = YES;
				CLANG_WARN_CONSTANT_CONVERSION = YES;
				CLANG_WARN_DIRECT_OBJC_ISA_USAGE = YES_ERROR;
				CLANG_WARN_EMPTY_BODY = YES;
				CLANG_WARN_ENUM_CONVERSION = YES;
				CLANG_WARN_INT_CONVERSION = YES;
				CLANG_WARN_OBJC_ROOT_CLASS = YES_ERROR;
				CLANG_WARN_UNREACHABLE_CODE = YES;
				CLANG_WARN__DUPLICATE_METHOD_MATCH = YES;
				"CODE_SIGN_IDENTITY[sdk=iphoneos*]" = "iPhone Developer";
				COPY_PHASE_STRIP = NO;
				DEBUG_INFORMATION_FORMAT = dwarf;
				ENABLE_STRICT_OBJC_MSGSEND = YES;
				ENABLE_TESTABILITY = YES;
				GCC_C_LANGUAGE_STANDARD = gnu99;
				GCC_DYNAMIC_NO_PIC = NO;
				GCC_NO_COMMON_BLOCKS = YES;
				GCC_OPTIMIZATION_LEVEL = 0;
				GCC_PREPROCESSOR_DEFINITIONS = (
					"DEBUG=1",
					"$(inherited)",
				);
				GCC_WARN_64_TO_32_BIT_CONVERSION = YES;
				GCC_WARN_ABOUT_RETURN_TYPE = YES_ERROR;
				GCC_WARN_UNDECLARED_SELECTOR = YES;
				GCC_WARN_UNINITIALIZED_AUTOS = YES_AGGRESSIVE;
				GCC_WARN_UNUSED_FUNCTION = YES;
				GCC_WARN_UNUSED_VARIABLE = YES;
				IPHONEOS_DEPLOYMENT_TARGET = 9.3;
				MTL_ENABLE_DEBUG_INFO = YES;
				ONLY_ACTIVE_ARCH = YES;
				SDKROOT = iphoneos;
				SWIFT_OPTIMIZATION_LEVEL = "-Onone";
				TARGETED_DEVICE_FAMILY = "1,2";
			};
			name = Debug;
		};
		438483D91CCB51FC0056A97F /* Release */ = {
			isa = XCBuildConfiguration;
			buildSettings = {
				ALWAYS_SEARCH_USER_PATHS = NO;
				CLANG_ANALYZER_NONNULL = YES;
				CLANG_CXX_LANGUAGE_STANDARD = "gnu++0x";
				CLANG_CXX_LIBRARY = "libc++";
				CLANG_ENABLE_MODULES = YES;
				CLANG_ENABLE_OBJC_ARC = YES;
				CLANG_WARN_BOOL_CONVERSION = YES;
				CLANG_WARN_CONSTANT_CONVERSION = YES;
				CLANG_WARN_DIRECT_OBJC_ISA_USAGE = YES_ERROR;
				CLANG_WARN_EMPTY_BODY = YES;
				CLANG_WARN_ENUM_CONVERSION = YES;
				CLANG_WARN_INT_CONVERSION = YES;
				CLANG_WARN_OBJC_ROOT_CLASS = YES_ERROR;
				CLANG_WARN_UNREACHABLE_CODE = YES;
				CLANG_WARN__DUPLICATE_METHOD_MATCH = YES;
				"CODE_SIGN_IDENTITY[sdk=iphoneos*]" = "iPhone Developer";
				COPY_PHASE_STRIP = NO;
				DEBUG_INFORMATION_FORMAT = "dwarf-with-dsym";
				ENABLE_NS_ASSERTIONS = NO;
				ENABLE_STRICT_OBJC_MSGSEND = YES;
				GCC_C_LANGUAGE_STANDARD = gnu99;
				GCC_NO_COMMON_BLOCKS = YES;
				GCC_WARN_64_TO_32_BIT_CONVERSION = YES;
				GCC_WARN_ABOUT_RETURN_TYPE = YES_ERROR;
				GCC_WARN_UNDECLARED_SELECTOR = YES;
				GCC_WARN_UNINITIALIZED_AUTOS = YES_AGGRESSIVE;
				GCC_WARN_UNUSED_FUNCTION = YES;
				GCC_WARN_UNUSED_VARIABLE = YES;
				IPHONEOS_DEPLOYMENT_TARGET = 9.3;
				MTL_ENABLE_DEBUG_INFO = NO;
				SDKROOT = iphoneos;
				TARGETED_DEVICE_FAMILY = "1,2";
				VALIDATE_PRODUCT = YES;
			};
			name = Release;
		};
		438483DB1CCB51FC0056A97F /* Debug */ = {
			isa = XCBuildConfiguration;
			buildSettings = {
				ASSETCATALOG_COMPILER_APPICON_NAME = AppIcon;
				CODE_SIGN_IDENTITY = "iPhone Developer";
				INFOPLIST_FILE = MyFirst/Info.plist;
				IPHONEOS_DEPLOYMENT_TARGET = 8.0;
				LD_RUNPATH_SEARCH_PATHS = "$(inherited) @executable_path/Frameworks";
				PRODUCT_BUNDLE_IDENTIFIER = tw.com.benjamin.MyFirst;
				PRODUCT_NAME = "$(TARGET_NAME)";
			};
			name = Debug;
		};
		438483DC1CCB51FC0056A97F /* Release */ = {
			isa = XCBuildConfiguration;
			buildSettings = {
				ASSETCATALOG_COMPILER_APPICON_NAME = AppIcon;
				CODE_SIGN_IDENTITY = "iPhone Developer";
				INFOPLIST_FILE = MyFirst/Info.plist;
				IPHONEOS_DEPLOYMENT_TARGET = 8.0;
				LD_RUNPATH_SEARCH_PATHS = "$(inherited) @executable_path/Frameworks";
				PRODUCT_BUNDLE_IDENTIFIER = tw.com.benjamin.MyFirst;
				PRODUCT_NAME = "$(TARGET_NAME)";
			};
			name = Release;
		};
		438483DE1CCB51FC0056A97F /* Debug */ = {
			isa = XCBuildConfiguration;
			buildSettings = {
				BUNDLE_LOADER = "$(TEST_HOST)";
				INFOPLIST_FILE = MyFirstTests/Info.plist;
				LD_RUNPATH_SEARCH_PATHS = "$(inherited) @executable_path/Frameworks @loader_path/Frameworks";
				PRODUCT_BUNDLE_IDENTIFIER = tw.com.benjamin.MyFirstTests;
				PRODUCT_NAME = "$(TARGET_NAME)";
				TEST_HOST = "$(BUILT_PRODUCTS_DIR)/MyFirst.app/MyFirst";
			};
			name = Debug;
		};
		438483DF1CCB51FC0056A97F /* Release */ = {
			isa = XCBuildConfiguration;
			buildSettings = {
				BUNDLE_LOADER = "$(TEST_HOST)";
				INFOPLIST_FILE = MyFirstTests/Info.plist;
				LD_RUNPATH_SEARCH_PATHS = "$(inherited) @executable_path/Frameworks @loader_path/Frameworks";
				PRODUCT_BUNDLE_IDENTIFIER = tw.com.benjamin.MyFirstTests;
				PRODUCT_NAME = "$(TARGET_NAME)";
				TEST_HOST = "$(BUILT_PRODUCTS_DIR)/MyFirst.app/MyFirst";
			};
			name = Release;
		};
		438483E11CCB51FC0056A97F /* Debug */ = {
			isa = XCBuildConfiguration;
			buildSettings = {
				INFOPLIST_FILE = MyFirstUITests/Info.plist;
				LD_RUNPATH_SEARCH_PATHS = "$(inherited) @executable_path/Frameworks @loader_path/Frameworks";
				PRODUCT_BUNDLE_IDENTIFIER = tw.com.benjamin.MyFirstUITests;
				PRODUCT_NAME = "$(TARGET_NAME)";
				TEST_TARGET_NAME = MyFirst;
			};
			name = Debug;
		};
		438483E21CCB51FC0056A97F /* Release */ = {
			isa = XCBuildConfiguration;
			buildSettings = {
				INFOPLIST_FILE = MyFirstUITests/Info.plist;
				LD_RUNPATH_SEARCH_PATHS = "$(inherited) @executable_path/Frameworks @loader_path/Frameworks";
				PRODUCT_BUNDLE_IDENTIFIER = tw.com.benjamin.MyFirstUITests;
				PRODUCT_NAME = "$(TARGET_NAME)";
				TEST_TARGET_NAME = MyFirst;
			};
			name = Release;
		};
/* End XCBuildConfiguration section */

/* Begin XCConfigurationList section */
		438483AD1CCB51FB0056A97F /* Build configuration list for PBXProject "MyFirst" */ = {
			isa = XCConfigurationList;
			buildConfigurations = (
				438483D81CCB51FC0056A97F /* Debug */,
				438483D91CCB51FC0056A97F /* Release */,
			);
			defaultConfigurationIsVisible = 0;
			defaultConfigurationName = Release;
		};
		438483DA1CCB51FC0056A97F /* Build configuration list for PBXNativeTarget "MyFirst" */ = {
			isa = XCConfigurationList;
			buildConfigurations = (
				438483DB1CCB51FC0056A97F /* Debug */,
				438483DC1CCB51FC0056A97F /* Release */,
			);
			defaultConfigurationIsVisible = 0;
		};
		438483DD1CCB51FC0056A97F /* Build configuration list for PBXNativeTarget "MyFirstTests" */ = {
			isa = XCConfigurationList;
			buildConfigurations = (
				438483DE1CCB51FC0056A97F /* Debug */,
				438483DF1CCB51FC0056A97F /* Release */,
			);
			defaultConfigurationIsVisible = 0;
		};
		438483E01CCB51FC0056A97F /* Build configuration list for PBXNativeTarget "MyFirstUITests" */ = {
			isa = XCConfigurationList;
			buildConfigurations = (
				438483E11CCB51FC0056A97F /* Debug */,
				438483E21CCB51FC0056A97F /* Release */,
			);
			defaultConfigurationIsVisible = 0;
		};
/* End XCConfigurationList section */
	};
	rootObject = 438483AA1CCB51FB0056A97F /* Project object */;
}
